// !$*UTF8*$!
{
	archiveVersion = 1;
	classes = {
	};
	objectVersion = 46;
	objects = {

/* Begin PBXBuildFile section */
		7E69EE4018901F90003043B3 /* XCTest.framework in Frameworks */ = {isa = PBXBuildFile; fileRef = 7E69EE3F18901F90003043B3 /* XCTest.framework */; };
		7E6B21D11A336D6F00F663E8 /* ObjcScopedGuard-DynamicFramework.h in Headers */ = {isa = PBXBuildFile; fileRef = 7E6B21D01A336D6F00F663E8 /* ObjcScopedGuard-DynamicFramework.h */; settings = {ATTRIBUTES = (Public, ); }; };
		7E6B21D71A336D6F00F663E8 /* ObjcScopedGuard.framework in Frameworks */ = {isa = PBXBuildFile; fileRef = 7E6B21CC1A336D6F00F663E8 /* ObjcScopedGuard.framework */; };
		7E6B21DE1A336D6F00F663E8 /* ObjcScopedGuard_DynamicFrameworkTests.m in Sources */ = {isa = PBXBuildFile; fileRef = 7E6B21DD1A336D6F00F663E8 /* ObjcScopedGuard_DynamicFrameworkTests.m */; };
		7E6B21E71A336DD000F663E8 /* ObjcScopedGuard.mm in Sources */ = {isa = PBXBuildFile; fileRef = 7E8B6C5115388BD500435EDA /* ObjcScopedGuard.mm */; };
		7E6B21E81A336DD500F663E8 /* ObjcReferendeCountGuard.mm in Sources */ = {isa = PBXBuildFile; fileRef = 7E8B6C901538959B00435EDA /* ObjcReferendeCountGuard.mm */; };
		7E6B21E91A336DE100F663E8 /* ObjcScopedGuard.h in Headers */ = {isa = PBXBuildFile; fileRef = 7E8B6C5015388BD500435EDA /* ObjcScopedGuard.h */; settings = {ATTRIBUTES = (Public, ); }; };
		7E6B21EA1A336DE700F663E8 /* ObjcReferendeCountGuard.h in Headers */ = {isa = PBXBuildFile; fileRef = 7E8B6C8F1538959B00435EDA /* ObjcReferendeCountGuard.h */; settings = {ATTRIBUTES = (Public, ); }; };
		7E6B21EB1A336DEF00F663E8 /* ObjcGuardBlocks.h in Headers */ = {isa = PBXBuildFile; fileRef = 7E8B6C94153895BD00435EDA /* ObjcGuardBlocks.h */; settings = {ATTRIBUTES = (Public, ); }; };
		7E6B21EC1A336DF500F663E8 /* FloatComparator.hpp in Headers */ = {isa = PBXBuildFile; fileRef = 7EEE0CB1153FF7370057D56C /* FloatComparator.hpp */; settings = {ATTRIBUTES = (Public, ); }; };
		7E8B6C4C15388BD500435EDA /* Foundation.framework in Frameworks */ = {isa = PBXBuildFile; fileRef = 7E8B6C4B15388BD500435EDA /* Foundation.framework */; };
		7E8B6C5215388BD500435EDA /* ObjcScopedGuard.mm in Sources */ = {isa = PBXBuildFile; fileRef = 7E8B6C5115388BD500435EDA /* ObjcScopedGuard.mm */; };
		7E8B6C5D15388BD500435EDA /* Foundation.framework in Frameworks */ = {isa = PBXBuildFile; fileRef = 7E8B6C4B15388BD500435EDA /* Foundation.framework */; };
		7E8B6C6015388BD500435EDA /* libObjcScopedGuard.a in Frameworks */ = {isa = PBXBuildFile; fileRef = 7E8B6C4815388BD500435EDA /* libObjcScopedGuard.a */; };
		7E8B6C6615388BD500435EDA /* InfoPlist.strings in Resources */ = {isa = PBXBuildFile; fileRef = 7E8B6C6415388BD500435EDA /* InfoPlist.strings */; };
		7E8B6C6915388BD500435EDA /* ObjcScopedGuardTests.mm in Sources */ = {isa = PBXBuildFile; fileRef = 7E8B6C6815388BD500435EDA /* ObjcScopedGuardTests.mm */; };
		7E8B6C8A15388F7800435EDA /* libstdc++.dylib in Frameworks */ = {isa = PBXBuildFile; fileRef = 7E8B6C8915388F7800435EDA /* libstdc++.dylib */; };
		7E8B6C911538959B00435EDA /* ObjcReferendeCountGuard.h in Headers */ = {isa = PBXBuildFile; fileRef = 7E8B6C8F1538959B00435EDA /* ObjcReferendeCountGuard.h */; };
		7E8B6C921538959B00435EDA /* ObjcReferendeCountGuard.mm in Sources */ = {isa = PBXBuildFile; fileRef = 7E8B6C901538959B00435EDA /* ObjcReferendeCountGuard.mm */; };
		7EB6DC171922BF760010E481 /* Foundation.framework in Frameworks */ = {isa = PBXBuildFile; fileRef = 7E8B6C4B15388BD500435EDA /* Foundation.framework */; };
		7EB6DC1D1922BF760010E481 /* InfoPlist.strings in Resources */ = {isa = PBXBuildFile; fileRef = 7EB6DC1B1922BF760010E481 /* InfoPlist.strings */; };
		7EB6DC261922BFE10010E481 /* ObjcScopedGuard.mm in Sources */ = {isa = PBXBuildFile; fileRef = 7E8B6C5115388BD500435EDA /* ObjcScopedGuard.mm */; };
		7EB6DC271922BFE10010E481 /* ObjcReferendeCountGuard.mm in Sources */ = {isa = PBXBuildFile; fileRef = 7E8B6C901538959B00435EDA /* ObjcReferendeCountGuard.mm */; };
		7EB6DC281922BFE80010E481 /* ObjcScopedGuard.h in Headers */ = {isa = PBXBuildFile; fileRef = 7E8B6C5015388BD500435EDA /* ObjcScopedGuard.h */; settings = {ATTRIBUTES = (Public, ); }; };
		7EB6DC291922BFE80010E481 /* ObjcReferendeCountGuard.h in Headers */ = {isa = PBXBuildFile; fileRef = 7E8B6C8F1538959B00435EDA /* ObjcReferendeCountGuard.h */; settings = {ATTRIBUTES = (Public, ); }; };
		7EB6DC2A1922BFE80010E481 /* ObjcGuardBlocks.h in Headers */ = {isa = PBXBuildFile; fileRef = 7E8B6C94153895BD00435EDA /* ObjcGuardBlocks.h */; settings = {ATTRIBUTES = (Public, ); }; };
		7EB6DC2B1922BFE80010E481 /* FloatComparator.hpp in Headers */ = {isa = PBXBuildFile; fileRef = 7EEE0CB1153FF7370057D56C /* FloatComparator.hpp */; settings = {ATTRIBUTES = (Public, ); }; };
		7EEE0CB2153FF7370057D56C /* FloatComparator.hpp in Headers */ = {isa = PBXBuildFile; fileRef = 7EEE0CB1153FF7370057D56C /* FloatComparator.hpp */; };
/* End PBXBuildFile section */

/* Begin PBXContainerItemProxy section */
		7E6B21D81A336D6F00F663E8 /* PBXContainerItemProxy */ = {
			isa = PBXContainerItemProxy;
			containerPortal = 7E8B6C3F15388BD500435EDA /* Project object */;
			proxyType = 1;
			remoteGlobalIDString = 7E6B21CB1A336D6F00F663E8;
			remoteInfo = "ObjcScopedGuard-DynamicFramework";
		};
		7E8B6C5E15388BD500435EDA /* PBXContainerItemProxy */ = {
			isa = PBXContainerItemProxy;
			containerPortal = 7E8B6C3F15388BD500435EDA /* Project object */;
			proxyType = 1;
			remoteGlobalIDString = 7E8B6C4715388BD500435EDA;
			remoteInfo = ObjcScopedGuard;
		};
/* End PBXContainerItemProxy section */

/* Begin PBXFileReference section */
		7E69EE3F18901F90003043B3 /* XCTest.framework */ = {isa = PBXFileReference; lastKnownFileType = wrapper.framework; name = XCTest.framework; path = Library/Frameworks/XCTest.framework; sourceTree = DEVELOPER_DIR; };
		7E6B21CC1A336D6F00F663E8 /* ObjcScopedGuard.framework */ = {isa = PBXFileReference; explicitFileType = wrapper.framework; includeInIndex = 0; path = ObjcScopedGuard.framework; sourceTree = BUILT_PRODUCTS_DIR; };
		7E6B21CF1A336D6F00F663E8 /* Info.plist */ = {isa = PBXFileReference; lastKnownFileType = text.plist.xml; path = Info.plist; sourceTree = "<group>"; };
		7E6B21D01A336D6F00F663E8 /* ObjcScopedGuard-DynamicFramework.h */ = {isa = PBXFileReference; lastKnownFileType = sourcecode.c.h; path = "ObjcScopedGuard-DynamicFramework.h"; sourceTree = "<group>"; };
		7E6B21D61A336D6F00F663E8 /* ObjcScopedGuard-DynamicFrameworkTests.xctest */ = {isa = PBXFileReference; explicitFileType = wrapper.cfbundle; includeInIndex = 0; path = "ObjcScopedGuard-DynamicFrameworkTests.xctest"; sourceTree = BUILT_PRODUCTS_DIR; };
		7E6B21DC1A336D6F00F663E8 /* Info.plist */ = {isa = PBXFileReference; lastKnownFileType = text.plist.xml; path = Info.plist; sourceTree = "<group>"; };
		7E6B21DD1A336D6F00F663E8 /* ObjcScopedGuard_DynamicFrameworkTests.m */ = {isa = PBXFileReference; lastKnownFileType = sourcecode.c.objc; path = ObjcScopedGuard_DynamicFrameworkTests.m; sourceTree = "<group>"; };
		7E8117B4188FCCFA002FC987 /* libXCode5gcovPatch.a */ = {isa = PBXFileReference; lastKnownFileType = archive.ar; path = libXCode5gcovPatch.a; sourceTree = "<group>"; };
		7E8B6C4815388BD500435EDA /* libObjcScopedGuard.a */ = {isa = PBXFileReference; explicitFileType = archive.ar; includeInIndex = 0; path = libObjcScopedGuard.a; sourceTree = BUILT_PRODUCTS_DIR; };
		7E8B6C4B15388BD500435EDA /* Foundation.framework */ = {isa = PBXFileReference; lastKnownFileType = wrapper.framework; name = Foundation.framework; path = System/Library/Frameworks/Foundation.framework; sourceTree = SDKROOT; };
		7E8B6C4F15388BD500435EDA /* ObjcScopedGuard-Prefix.pch */ = {isa = PBXFileReference; lastKnownFileType = sourcecode.c.h; name = "ObjcScopedGuard-Prefix.pch"; path = "ObjcScopedGuard/ObjcScopedGuard-Prefix.pch"; sourceTree = "<group>"; };
		7E8B6C5015388BD500435EDA /* ObjcScopedGuard.h */ = {isa = PBXFileReference; lastKnownFileType = sourcecode.c.h; path = ObjcScopedGuard.h; sourceTree = "<group>"; };
		7E8B6C5115388BD500435EDA /* ObjcScopedGuard.mm */ = {isa = PBXFileReference; lastKnownFileType = sourcecode.cpp.objcpp; path = ObjcScopedGuard.mm; sourceTree = "<group>"; };
		7E8B6C5815388BD500435EDA /* ObjcScopedGuardTests.xctest */ = {isa = PBXFileReference; explicitFileType = wrapper.cfbundle; includeInIndex = 0; path = ObjcScopedGuardTests.xctest; sourceTree = BUILT_PRODUCTS_DIR; };
		7E8B6C5B15388BD500435EDA /* UIKit.framework */ = {isa = PBXFileReference; lastKnownFileType = wrapper.framework; name = UIKit.framework; path = Library/Frameworks/UIKit.framework; sourceTree = DEVELOPER_DIR; };
		7E8B6C6315388BD500435EDA /* ObjcScopedGuardTests-Info.plist */ = {isa = PBXFileReference; lastKnownFileType = text.plist.xml; path = "ObjcScopedGuardTests-Info.plist"; sourceTree = "<group>"; };
		7E8B6C6515388BD500435EDA /* en */ = {isa = PBXFileReference; lastKnownFileType = text.plist.strings; name = en; path = en.lproj/InfoPlist.strings; sourceTree = "<group>"; };
		7E8B6C6715388BD500435EDA /* ObjcScopedGuardTests.h */ = {isa = PBXFileReference; lastKnownFileType = sourcecode.c.h; path = ObjcScopedGuardTests.h; sourceTree = "<group>"; };
		7E8B6C6815388BD500435EDA /* ObjcScopedGuardTests.mm */ = {isa = PBXFileReference; lastKnownFileType = sourcecode.cpp.objcpp; path = ObjcScopedGuardTests.mm; sourceTree = "<group>"; };
		7E8B6C7515388E6900435EDA /* libCoverageFopenFix.a */ = {isa = PBXFileReference; lastKnownFileType = archive.ar; path = libCoverageFopenFix.a; sourceTree = "<group>"; };
		7E8B6C8815388E9400435EDA /* ObjcScopedGuardTests copy-Info.plist */ = {isa = PBXFileReference; lastKnownFileType = text.plist.xml; name = "ObjcScopedGuardTests copy-Info.plist"; path = "/Users/dodikk/projects/lib/ObjcScopedGuard/ObjcScopedGuard/ObjcScopedGuardTests copy-Info.plist"; sourceTree = "<absolute>"; };
		7E8B6C8915388F7800435EDA /* libstdc++.dylib */ = {isa = PBXFileReference; lastKnownFileType = "compiled.mach-o.dylib"; name = "libstdc++.dylib"; path = "usr/lib/libstdc++.dylib"; sourceTree = SDKROOT; };
		7E8B6C8F1538959B00435EDA /* ObjcReferendeCountGuard.h */ = {isa = PBXFileReference; fileEncoding = 4; lastKnownFileType = sourcecode.c.h; path = ObjcReferendeCountGuard.h; sourceTree = "<group>"; };
		7E8B6C901538959B00435EDA /* ObjcReferendeCountGuard.mm */ = {isa = PBXFileReference; fileEncoding = 4; lastKnownFileType = sourcecode.cpp.objcpp; path = ObjcReferendeCountGuard.mm; sourceTree = "<group>"; };
		7E8B6C94153895BD00435EDA /* ObjcGuardBlocks.h */ = {isa = PBXFileReference; lastKnownFileType = sourcecode.c.h; path = ObjcGuardBlocks.h; sourceTree = "<group>"; };
		7EB6DC161922BF760010E481 /* ObjcScopedGuard.framework */ = {isa = PBXFileReference; explicitFileType = wrapper.framework.static; includeInIndex = 0; path = ObjcScopedGuard.framework; sourceTree = BUILT_PRODUCTS_DIR; };
		7EB6DC1A1922BF760010E481 /* ObjcScopedGuard-Framework-Info.plist */ = {isa = PBXFileReference; lastKnownFileType = text.plist.xml; path = "ObjcScopedGuard-Framework-Info.plist"; sourceTree = "<group>"; };
		7EB6DC1C1922BF760010E481 /* en */ = {isa = PBXFileReference; lastKnownFileType = text.plist.strings; name = en; path = en.lproj/InfoPlist.strings; sourceTree = "<group>"; };
		7EEE0CB1153FF7370057D56C /* FloatComparator.hpp */ = {isa = PBXFileReference; fileEncoding = 4; lastKnownFileType = sourcecode.cpp.h; path = FloatComparator.hpp; sourceTree = "<group>"; };
/* End PBXFileReference section */

/* Begin PBXFrameworksBuildPhase section */
		7E6B21C81A336D6F00F663E8 /* Frameworks */ = {
			isa = PBXFrameworksBuildPhase;
			buildActionMask = 2147483647;
			files = (
			);
			runOnlyForDeploymentPostprocessing = 0;
		};
		7E6B21D31A336D6F00F663E8 /* Frameworks */ = {
			isa = PBXFrameworksBuildPhase;
			buildActionMask = 2147483647;
			files = (
				7E6B21D71A336D6F00F663E8 /* ObjcScopedGuard.framework in Frameworks */,
			);
			runOnlyForDeploymentPostprocessing = 0;
		};
		7E8B6C4515388BD500435EDA /* Frameworks */ = {
			isa = PBXFrameworksBuildPhase;
			buildActionMask = 2147483647;
			files = (
				7E8B6C4C15388BD500435EDA /* Foundation.framework in Frameworks */,
			);
			runOnlyForDeploymentPostprocessing = 0;
		};
		7E8B6C5415388BD500435EDA /* Frameworks */ = {
			isa = PBXFrameworksBuildPhase;
			buildActionMask = 2147483647;
			files = (
				7E69EE4018901F90003043B3 /* XCTest.framework in Frameworks */,
				7E8B6C8A15388F7800435EDA /* libstdc++.dylib in Frameworks */,
				7E8B6C5D15388BD500435EDA /* Foundation.framework in Frameworks */,
				7E8B6C6015388BD500435EDA /* libObjcScopedGuard.a in Frameworks */,
			);
			runOnlyForDeploymentPostprocessing = 0;
		};
		7EB6DC111922BF760010E481 /* Frameworks */ = {
			isa = PBXFrameworksBuildPhase;
			buildActionMask = 2147483647;
			files = (
				7EB6DC171922BF760010E481 /* Foundation.framework in Frameworks */,
			);
			runOnlyForDeploymentPostprocessing = 0;
		};
/* End PBXFrameworksBuildPhase section */

/* Begin PBXGroup section */
		7E6B21CD1A336D6F00F663E8 /* ObjcScopedGuard-DynamicFramework */ = {
			isa = PBXGroup;
			children = (
				7E6B21D01A336D6F00F663E8 /* ObjcScopedGuard-DynamicFramework.h */,
				7E6B21CE1A336D6F00F663E8 /* Supporting Files */,
			);
			path = "ObjcScopedGuard-DynamicFramework";
			sourceTree = "<group>";
		};
		7E6B21CE1A336D6F00F663E8 /* Supporting Files */ = {
			isa = PBXGroup;
			children = (
				7E6B21CF1A336D6F00F663E8 /* Info.plist */,
			);
			name = "Supporting Files";
			sourceTree = "<group>";
		};
		7E6B21DA1A336D6F00F663E8 /* ObjcScopedGuard-DynamicFrameworkTests */ = {
			isa = PBXGroup;
			children = (
				7E6B21DD1A336D6F00F663E8 /* ObjcScopedGuard_DynamicFrameworkTests.m */,
				7E6B21DB1A336D6F00F663E8 /* Supporting Files */,
			);
			path = "ObjcScopedGuard-DynamicFrameworkTests";
			sourceTree = "<group>";
		};
		7E6B21DB1A336D6F00F663E8 /* Supporting Files */ = {
			isa = PBXGroup;
			children = (
				7E6B21DC1A336D6F00F663E8 /* Info.plist */,
			);
			name = "Supporting Files";
			sourceTree = "<group>";
		};
		7E8B6C3D15388BD500435EDA = {
			isa = PBXGroup;
			children = (
				7E8B6C4F15388BD500435EDA /* ObjcScopedGuard-Prefix.pch */,
				7E8B6C4D15388BD500435EDA /* ObjcScopedGuard */,
				7E8B6C6115388BD500435EDA /* ObjcScopedGuardTests */,
				7EB6DC181922BF760010E481 /* ObjcScopedGuard-Framework */,
				7E6B21CD1A336D6F00F663E8 /* ObjcScopedGuard-DynamicFramework */,
				7E6B21DA1A336D6F00F663E8 /* ObjcScopedGuard-DynamicFrameworkTests */,
				7E8B6C4A15388BD500435EDA /* Frameworks */,
				7E8B6C4915388BD500435EDA /* Products */,
				7E8B6C8815388E9400435EDA /* ObjcScopedGuardTests copy-Info.plist */,
			);
			sourceTree = "<group>";
		};
		7E8B6C4915388BD500435EDA /* Products */ = {
			isa = PBXGroup;
			children = (
				7E8B6C4815388BD500435EDA /* libObjcScopedGuard.a */,
				7E8B6C5815388BD500435EDA /* ObjcScopedGuardTests.xctest */,
				7EB6DC161922BF760010E481 /* ObjcScopedGuard.framework */,
				7E6B21CC1A336D6F00F663E8 /* ObjcScopedGuard.framework */,
				7E6B21D61A336D6F00F663E8 /* ObjcScopedGuard-DynamicFrameworkTests.xctest */,
			);
			name = Products;
			sourceTree = "<group>";
		};
		7E8B6C4A15388BD500435EDA /* Frameworks */ = {
			isa = PBXGroup;
			children = (
				7E69EE3F18901F90003043B3 /* XCTest.framework */,
				7E8117B4188FCCFA002FC987 /* libXCode5gcovPatch.a */,
				7E8B6C8915388F7800435EDA /* libstdc++.dylib */,
				7E8B6C7515388E6900435EDA /* libCoverageFopenFix.a */,
				7E8B6C4B15388BD500435EDA /* Foundation.framework */,
				7E8B6C5B15388BD500435EDA /* UIKit.framework */,
			);
			name = Frameworks;
			sourceTree = "<group>";
		};
		7E8B6C4D15388BD500435EDA /* ObjcScopedGuard */ = {
			isa = PBXGroup;
			children = (
				7E8B6C5015388BD500435EDA /* ObjcScopedGuard.h */,
				7E8B6C5115388BD500435EDA /* ObjcScopedGuard.mm */,
				7E8B6C8F1538959B00435EDA /* ObjcReferendeCountGuard.h */,
				7E8B6C901538959B00435EDA /* ObjcReferendeCountGuard.mm */,
				7E8B6C94153895BD00435EDA /* ObjcGuardBlocks.h */,
				7EEE0CB1153FF7370057D56C /* FloatComparator.hpp */,
			);
			path = ObjcScopedGuard;
			sourceTree = "<group>";
		};
		7E8B6C6115388BD500435EDA /* ObjcScopedGuardTests */ = {
			isa = PBXGroup;
			children = (
				7E8B6C6715388BD500435EDA /* ObjcScopedGuardTests.h */,
				7E8B6C6815388BD500435EDA /* ObjcScopedGuardTests.mm */,
				7E8B6C6215388BD500435EDA /* Supporting Files */,
			);
			path = ObjcScopedGuardTests;
			sourceTree = "<group>";
		};
		7E8B6C6215388BD500435EDA /* Supporting Files */ = {
			isa = PBXGroup;
			children = (
				7E8B6C6315388BD500435EDA /* ObjcScopedGuardTests-Info.plist */,
				7E8B6C6415388BD500435EDA /* InfoPlist.strings */,
			);
			name = "Supporting Files";
			sourceTree = "<group>";
		};
		7EB6DC181922BF760010E481 /* ObjcScopedGuard-Framework */ = {
			isa = PBXGroup;
			children = (
				7EB6DC191922BF760010E481 /* Supporting Files */,
			);
			path = "ObjcScopedGuard-Framework";
			sourceTree = "<group>";
		};
		7EB6DC191922BF760010E481 /* Supporting Files */ = {
			isa = PBXGroup;
			children = (
				7EB6DC1A1922BF760010E481 /* ObjcScopedGuard-Framework-Info.plist */,
				7EB6DC1B1922BF760010E481 /* InfoPlist.strings */,
			);
			name = "Supporting Files";
			sourceTree = "<group>";
		};
/* End PBXGroup section */

/* Begin PBXHeadersBuildPhase section */
		7E6B21C91A336D6F00F663E8 /* Headers */ = {
			isa = PBXHeadersBuildPhase;
			buildActionMask = 2147483647;
			files = (
				7E6B21E91A336DE100F663E8 /* ObjcScopedGuard.h in Headers */,
				7E6B21D11A336D6F00F663E8 /* ObjcScopedGuard-DynamicFramework.h in Headers */,
				7E6B21EB1A336DEF00F663E8 /* ObjcGuardBlocks.h in Headers */,
				7E6B21EA1A336DE700F663E8 /* ObjcReferendeCountGuard.h in Headers */,
				7E6B21EC1A336DF500F663E8 /* FloatComparator.hpp in Headers */,
			);
			runOnlyForDeploymentPostprocessing = 0;
		};
		7E8B6C4615388BD500435EDA /* Headers */ = {
			isa = PBXHeadersBuildPhase;
			buildActionMask = 2147483647;
			files = (
				7E8B6C911538959B00435EDA /* ObjcReferendeCountGuard.h in Headers */,
				7EEE0CB2153FF7370057D56C /* FloatComparator.hpp in Headers */,
			);
			runOnlyForDeploymentPostprocessing = 0;
		};
		7EB6DC121922BF760010E481 /* Headers */ = {
			isa = PBXHeadersBuildPhase;
			buildActionMask = 2147483647;
			files = (
				7EB6DC281922BFE80010E481 /* ObjcScopedGuard.h in Headers */,
				7EB6DC2A1922BFE80010E481 /* ObjcGuardBlocks.h in Headers */,
				7EB6DC291922BFE80010E481 /* ObjcReferendeCountGuard.h in Headers */,
				7EB6DC2B1922BFE80010E481 /* FloatComparator.hpp in Headers */,
			);
			runOnlyForDeploymentPostprocessing = 0;
		};
/* End PBXHeadersBuildPhase section */

/* Begin PBXNativeTarget section */
		7E6B21CB1A336D6F00F663E8 /* ObjcScopedGuard-DynamicFramework */ = {
			isa = PBXNativeTarget;
			buildConfigurationList = 7E6B21DF1A336D6F00F663E8 /* Build configuration list for PBXNativeTarget "ObjcScopedGuard-DynamicFramework" */;
			buildPhases = (
				7E6B21C71A336D6F00F663E8 /* Sources */,
				7E6B21C81A336D6F00F663E8 /* Frameworks */,
				7E6B21C91A336D6F00F663E8 /* Headers */,
				7E6B21CA1A336D6F00F663E8 /* Resources */,
			);
			buildRules = (
			);
			dependencies = (
			);
			name = "ObjcScopedGuard-DynamicFramework";
			productName = "ObjcScopedGuard-DynamicFramework";
			productReference = 7E6B21CC1A336D6F00F663E8 /* ObjcScopedGuard.framework */;
			productType = "com.apple.product-type.framework";
		};
		7E6B21D51A336D6F00F663E8 /* ObjcScopedGuard-DynamicFrameworkTests */ = {
			isa = PBXNativeTarget;
			buildConfigurationList = 7E6B21E31A336D6F00F663E8 /* Build configuration list for PBXNativeTarget "ObjcScopedGuard-DynamicFrameworkTests" */;
			buildPhases = (
				7E6B21D21A336D6F00F663E8 /* Sources */,
				7E6B21D31A336D6F00F663E8 /* Frameworks */,
				7E6B21D41A336D6F00F663E8 /* Resources */,
			);
			buildRules = (
			);
			dependencies = (
				7E6B21D91A336D6F00F663E8 /* PBXTargetDependency */,
			);
			name = "ObjcScopedGuard-DynamicFrameworkTests";
			productName = "ObjcScopedGuard-DynamicFrameworkTests";
			productReference = 7E6B21D61A336D6F00F663E8 /* ObjcScopedGuard-DynamicFrameworkTests.xctest */;
			productType = "com.apple.product-type.bundle.unit-test";
		};
		7E8B6C4715388BD500435EDA /* ObjcScopedGuard */ = {
			isa = PBXNativeTarget;
			buildConfigurationList = 7E8B6C6C15388BD500435EDA /* Build configuration list for PBXNativeTarget "ObjcScopedGuard" */;
			buildPhases = (
				7E8B6C4415388BD500435EDA /* Sources */,
				7E8B6C4515388BD500435EDA /* Frameworks */,
				7E8B6C4615388BD500435EDA /* Headers */,
			);
			buildRules = (
			);
			dependencies = (
			);
			name = ObjcScopedGuard;
			productName = ObjcScopedGuard;
			productReference = 7E8B6C4815388BD500435EDA /* libObjcScopedGuard.a */;
			productType = "com.apple.product-type.library.static";
		};
		7E8B6C5715388BD500435EDA /* ObjcScopedGuardTests */ = {
			isa = PBXNativeTarget;
			buildConfigurationList = 7E8B6C6F15388BD500435EDA /* Build configuration list for PBXNativeTarget "ObjcScopedGuardTests" */;
			buildPhases = (
				7E8B6C5315388BD500435EDA /* Sources */,
				7E8B6C5415388BD500435EDA /* Frameworks */,
				7E8B6C5515388BD500435EDA /* Resources */,
				7E8B6C5615388BD500435EDA /* ShellScript */,
			);
			buildRules = (
			);
			dependencies = (
				7E8B6C5F15388BD500435EDA /* PBXTargetDependency */,
			);
			name = ObjcScopedGuardTests;
			productName = ObjcScopedGuardTests;
			productReference = 7E8B6C5815388BD500435EDA /* ObjcScopedGuardTests.xctest */;
			productType = "com.apple.product-type.bundle.unit-test";
		};
		7EB6DC151922BF760010E481 /* ObjcScopedGuard-Framework */ = {
			isa = PBXNativeTarget;
			buildConfigurationList = 7EB6DC251922BF760010E481 /* Build configuration list for PBXNativeTarget "ObjcScopedGuard-Framework" */;
			buildPhases = (
				7EB6DC101922BF760010E481 /* Sources */,
				7EB6DC111922BF760010E481 /* Frameworks */,
				7EB6DC121922BF760010E481 /* Headers */,
				7EB6DC131922BF760010E481 /* Resources */,
				7EB6DC301922C05E0010E481 /* Build Framework */,
				7EB6DC141922BF760010E481 /* Fix Headers */,
			);
			buildRules = (
			);
			dependencies = (
			);
			name = "ObjcScopedGuard-Framework";
			productName = "ObjcScopedGuard-Framework";
			productReference = 7EB6DC161922BF760010E481 /* ObjcScopedGuard.framework */;
			productType = "com.apple.product-type.framework.static";
		};
/* End PBXNativeTarget section */

/* Begin PBXProject section */
		7E8B6C3F15388BD500435EDA /* Project object */ = {
			isa = PBXProject;
			attributes = {
				LastUpgradeCheck = 0430;
				ORGANIZATIONNAME = "Embedded Sources";
				TargetAttributes = {
					7E6B21CB1A336D6F00F663E8 = {
						CreatedOnToolsVersion = 6.1.1;
					};
					7E6B21D51A336D6F00F663E8 = {
						CreatedOnToolsVersion = 6.1.1;
					};
					7E8B6C5715388BD500435EDA = {
						TestTargetID = 7EB6DC151922BF760010E481;
					};
				};
			};
			buildConfigurationList = 7E8B6C4215388BD500435EDA /* Build configuration list for PBXProject "ObjcScopedGuard" */;
			compatibilityVersion = "Xcode 3.2";
			developmentRegion = English;
			hasScannedForEncodings = 0;
			knownRegions = (
				en,
			);
			mainGroup = 7E8B6C3D15388BD500435EDA;
			productRefGroup = 7E8B6C4915388BD500435EDA /* Products */;
			projectDirPath = "";
			projectRoot = "";
			targets = (
				7E8B6C4715388BD500435EDA /* ObjcScopedGuard */,
				7E8B6C5715388BD500435EDA /* ObjcScopedGuardTests */,
				7EB6DC151922BF760010E481 /* ObjcScopedGuard-Framework */,
				7E6B21CB1A336D6F00F663E8 /* ObjcScopedGuard-DynamicFramework */,
				7E6B21D51A336D6F00F663E8 /* ObjcScopedGuard-DynamicFrameworkTests */,
			);
		};
/* End PBXProject section */

/* Begin PBXResourcesBuildPhase section */
		7E6B21CA1A336D6F00F663E8 /* Resources */ = {
			isa = PBXResourcesBuildPhase;
			buildActionMask = 2147483647;
			files = (
			);
			runOnlyForDeploymentPostprocessing = 0;
		};
		7E6B21D41A336D6F00F663E8 /* Resources */ = {
			isa = PBXResourcesBuildPhase;
			buildActionMask = 2147483647;
			files = (
			);
			runOnlyForDeploymentPostprocessing = 0;
		};
		7E8B6C5515388BD500435EDA /* Resources */ = {
			isa = PBXResourcesBuildPhase;
			buildActionMask = 2147483647;
			files = (
				7E8B6C6615388BD500435EDA /* InfoPlist.strings in Resources */,
			);
			runOnlyForDeploymentPostprocessing = 0;
		};
		7EB6DC131922BF760010E481 /* Resources */ = {
			isa = PBXResourcesBuildPhase;
			buildActionMask = 2147483647;
			files = (
				7EB6DC1D1922BF760010E481 /* InfoPlist.strings in Resources */,
			);
			runOnlyForDeploymentPostprocessing = 0;
		};
/* End PBXResourcesBuildPhase section */

/* Begin PBXShellScriptBuildPhase section */
		7E8B6C5615388BD500435EDA /* ShellScript */ = {
			isa = PBXShellScriptBuildPhase;
			buildActionMask = 2147483647;
			files = (
			);
			inputPaths = (
			);
			outputPaths = (
			);
			runOnlyForDeploymentPostprocessing = 0;
			shellPath = /bin/sh;
			shellScript = "# Run the unit tests in this test bundle.\n\"${SYSTEM_DEVELOPER_DIR}/Tools/RunUnitTests\"\n";
		};
		7EB6DC141922BF760010E481 /* Fix Headers */ = {
			isa = PBXShellScriptBuildPhase;
			buildActionMask = 2147483647;
			files = (
			);
			inputPaths = (
			);
			name = "Fix Headers";
			outputPaths = (
			);
			runOnlyForDeploymentPostprocessing = 0;
			shellPath = /bin/sh;
			shellScript = "INLINED_PYHON_SCRIPT=\"import sys; import os.path; headerPathFromFind = sys.argv[2]; srcRoot = sys.argv[1]; headerPathFromFindWithoutFilename = os.path.dirname( headerPathFromFind ); relatedPathForDirectory = os.path.relpath( headerPathFromFindWithoutFilename, srcRoot ); print( relatedPathForDirectory );\"\n\n\nFIXED_SRC_ROOT=$SRCROOT\n\n# echo \"====SRCROOT : $SRCROOT=======\"\n# echo \"====FIXED_SRC_ROOT : $FIXED_SRC_ROOT=======\"\n\nHEADERS_ROOT=$FIXED_SRC_ROOT/ObjcScopedGuard\nFRAMEWORK_HEADERS_DIR=\"$BUILT_PRODUCTS_DIR/$WRAPPER_NAME/Headers\"\n\n## only header files expected at this point\nPUBLIC_HEADERS=$( ls -1 \"$FRAMEWORK_HEADERS_DIR\" )\n\n\nfor PUBLIC_HEADER in $PUBLIC_HEADERS; do\n\nFIND_RESULT=$( find \"$HEADERS_ROOT\" -name \"$PUBLIC_HEADER\" )\nRELATIVE_PATH=$( python -c \"$INLINED_PYHON_SCRIPT\" \"$HEADERS_ROOT\" \"$FIND_RESULT\" )\n\nmkdir -p \"$FRAMEWORK_HEADERS_DIR/$RELATIVE_PATH\"\nmv \"$FRAMEWORK_HEADERS_DIR/$PUBLIC_HEADER\" \"$FRAMEWORK_HEADERS_DIR/$RELATIVE_PATH/$PUBLIC_HEADER\"\ndone\n";
			showEnvVarsInLog = 0;
		};
		7EB6DC301922C05E0010E481 /* Build Framework */ = {
			isa = PBXShellScriptBuildPhase;
			buildActionMask = 2147483647;
			files = (
			);
			inputPaths = (
			);
			name = "Build Framework";
			outputPaths = (
			);
			runOnlyForDeploymentPostprocessing = 0;
			shellPath = /bin/sh;
			shellScript = "set -e\n\nset +u\nif [[ $UFW_MASTER_SCRIPT_RUNNING ]]\nthen\n# Nothing for the slave script to do\nexit 0\nfi\nset -u\nexport UFW_MASTER_SCRIPT_RUNNING=1\n\n\n# Functions\n\n## List files in the specified directory, storing to the specified array.\n#\n# @param $1 The path to list\n# @param $2 The name of the array to fill\n#\n##\nlist_files ()\n{\n    filelist=$(ls \"$1\")\n    while read line\n    do\n    eval \"$2[\\${#$2[*]}]=\\\"\\$line\\\"\"\n    done <<< \"$filelist\"\n}\n\n\n# Sanity check\n\nif [[ ! -f \"${BUILT_PRODUCTS_DIR}/${EXECUTABLE_PATH}\" ]]\nthen\necho \"Framework target \\\"${TARGET_NAME}\\\" had no source files to build from. Make sure your source files have the correct target membership\"\nexit 1\nfi\n\n\n# Gather information\n\nif [[ \"$SDK_NAME\" =~ ([A-Za-z]+) ]]\nthen\nUFW_SDK_PLATFORM=${BASH_REMATCH[1]}\nelse\necho \"Could not find platform name from SDK_NAME: $SDK_NAME\"\nexit 1\nfi\n\nif [[ \"$SDK_NAME\" =~ ([0-9]+.*$) ]]\nthen\nUFW_SDK_VERSION=${BASH_REMATCH[1]}\nelse\necho \"Could not find sdk version from SDK_NAME: $SDK_NAME\"\nexit 1\nfi\n\nif [[ \"$UFW_SDK_PLATFORM\" = \"iphoneos\" ]]\nthen\nUFW_OTHER_PLATFORM=iphonesimulator\nelse\nUFW_OTHER_PLATFORM=iphoneos\nfi\n\nif [[ \"$BUILT_PRODUCTS_DIR\" =~ (.*)$UFW_SDK_PLATFORM$ ]]\nthen\nUFW_OTHER_BUILT_PRODUCTS_DIR=\"${BASH_REMATCH[1]}${UFW_OTHER_PLATFORM}\"\nelse\necho \"Could not find $UFW_SDK_PLATFORM in $BUILT_PRODUCTS_DIR\"\nexit 1\nfi\n\nONLY_ACTIVE_PLATFORM=${ONLY_ACTIVE_PLATFORM:-$ONLY_ACTIVE_ARCH}\n\n# Short-circuit if all binaries are up to date.\n# We already checked the other platform in the prerun script.\n\nif [[ -f \"${BUILT_PRODUCTS_DIR}/${EXECUTABLE_PATH}\" ]] && [[ -f \"${BUILT_PRODUCTS_DIR}/${PRODUCT_NAME}.embeddedframework/${EXECUTABLE_PATH}\" ]] && [[ ! \"${BUILT_PRODUCTS_DIR}/${EXECUTABLE_PATH}\" -nt \"${BUILT_PRODUCTS_DIR}/${PRODUCT_NAME}.embeddedframework/${EXECUTABLE_PATH}\" ]]\nthen\nexit 0\nfi\n\nif [ \"${ONLY_ACTIVE_PLATFORM}\" == \"YES\" ]\nthen\necho \"ONLY_ACTIVE_PLATFORM=${ONLY_ACTIVE_PLATFORM}: Skipping other platform build\"\nelse\n# Make sure the other platform gets built\n\necho \"Build other platform\"\n\necho xcodebuild -project \"${PROJECT_FILE_PATH}\" -target \"${TARGET_NAME}\" -configuration \"${CONFIGURATION}\" -sdk ${UFW_OTHER_PLATFORM}${UFW_SDK_VERSION} BUILD_DIR=\"${BUILD_DIR}\" CONFIGURATION_TEMP_DIR=\"${PROJECT_TEMP_DIR}/${CONFIGURATION}-${UFW_OTHER_PLATFORM}\" $ACTION\nxcodebuild -project \"${PROJECT_FILE_PATH}\" -target \"${TARGET_NAME}\" -configuration \"${CONFIGURATION}\" -sdk ${UFW_OTHER_PLATFORM}${UFW_SDK_VERSION} BUILD_DIR=\"${BUILD_DIR}\" CONFIGURATION_TEMP_DIR=\"${PROJECT_TEMP_DIR}/${CONFIGURATION}-${UFW_OTHER_PLATFORM}\" $ACTION\n\n\n# Hot fix to prevent libObjcScopedGuard.a inside a framework\nif [ -f \"${BUILT_PRODUCTS_DIR}/ObjcScopedGuard.framework/libObjcScopedGuard.a\" ]\nthen\nmv \"${BUILT_PRODUCTS_DIR}/ObjcScopedGuard.framework/libObjcScopedGuard.a\" \"${BUILT_PRODUCTS_DIR}/ObjcScopedGuard.framework/ObjcScopedGuard\"\nfi\n\n\nif [ -f \"${UFW_OTHER_BUILT_PRODUCTS_DIR}/ObjcScopedGuard.framework/libObjcScopedGuard.a\" ]\nthen\nmv \"${UFW_OTHER_BUILT_PRODUCTS_DIR}/ObjcScopedGuard.framework/libObjcScopedGuard.a\" \"${UFW_OTHER_BUILT_PRODUCTS_DIR}/ObjcScopedGuard.framework/ObjcScopedGuard\"\nfi\n\n\n# Build the fat static library binary\n\necho \"Create universal static library\"\n\necho \"libtool\" -static \"${BUILT_PRODUCTS_DIR}/${EXECUTABLE_PATH}\" \"${UFW_OTHER_BUILT_PRODUCTS_DIR}/${EXECUTABLE_PATH}\" -o \"${BUILT_PRODUCTS_DIR}/${EXECUTABLE_PATH}.temp\"\n\"libtool\" -static \"${BUILT_PRODUCTS_DIR}/${EXECUTABLE_PATH}\" \"${UFW_OTHER_BUILT_PRODUCTS_DIR}/${EXECUTABLE_PATH}\" -o \"${BUILT_PRODUCTS_DIR}/${EXECUTABLE_PATH}.temp\"\n\necho mv \"${BUILT_PRODUCTS_DIR}/${EXECUTABLE_PATH}.temp\" \"${BUILT_PRODUCTS_DIR}/${EXECUTABLE_PATH}\"\nmv \"${BUILT_PRODUCTS_DIR}/${EXECUTABLE_PATH}.temp\" \"${BUILT_PRODUCTS_DIR}/${EXECUTABLE_PATH}\"\nfi\n\n# Build embedded framework structure\n\necho \"Build Embedded Framework\"\n\necho rm -rf \"${BUILT_PRODUCTS_DIR}/${PRODUCT_NAME}.embeddedframework\"\nrm -rf \"${BUILT_PRODUCTS_DIR}/${PRODUCT_NAME}.embeddedframework\"\necho mkdir -p \"${BUILT_PRODUCTS_DIR}/${PRODUCT_NAME}.embeddedframework/Resources\"\nmkdir -p \"${BUILT_PRODUCTS_DIR}/${PRODUCT_NAME}.embeddedframework/Resources\"\necho cp -a \"${BUILT_PRODUCTS_DIR}/${WRAPPER_NAME}\" \"${BUILT_PRODUCTS_DIR}/${PRODUCT_NAME}.embeddedframework/\"\ncp -a \"${BUILT_PRODUCTS_DIR}/${WRAPPER_NAME}\" \"${BUILT_PRODUCTS_DIR}/${PRODUCT_NAME}.embeddedframework/\"\n\ndeclare -a UFW_FILE_LIST\nlist_files \"${BUILT_PRODUCTS_DIR}/${UNLOCALIZED_RESOURCES_FOLDER_PATH}\" UFW_FILE_LIST\nfor filename in \"${UFW_FILE_LIST[@]}\"\ndo\nif [[ \"${filename}\" != \"Info.plist\" ]] && [[ ! \"${filename}\" =~ .*\\.lproj$ ]]\nthen\necho ln -sf \"../${WRAPPER_NAME}/Resources/${filename}\" \"${BUILT_PRODUCTS_DIR}/${PRODUCT_NAME}.embeddedframework/Resources/${filename}\"\nln -sf \"../${WRAPPER_NAME}/Resources/${filename}\" \"${BUILT_PRODUCTS_DIR}/${PRODUCT_NAME}.embeddedframework/Resources/${filename}\"\nfi\ndone\n\n\nif [ \"${ONLY_ACTIVE_PLATFORM}\" != \"YES\" ]\nthen\n# Replace other platform's framework with a copy of this one (so that both have the same universal binary)\n\necho \"Copy from $UFW_SDK_PLATFORM to $UFW_OTHER_PLATFORM\"\n\necho rm -rf \"${BUILD_DIR}/${CONFIGURATION}-${UFW_OTHER_PLATFORM}\"\nrm -rf \"${BUILD_DIR}/${CONFIGURATION}-${UFW_OTHER_PLATFORM}\"\necho cp -a \"${BUILD_DIR}/${CONFIGURATION}-${UFW_SDK_PLATFORM}\" \"${BUILD_DIR}/${CONFIGURATION}-${UFW_OTHER_PLATFORM}\"\ncp -a \"${BUILD_DIR}/${CONFIGURATION}-${UFW_SDK_PLATFORM}\" \"${BUILD_DIR}/${CONFIGURATION}-${UFW_OTHER_PLATFORM}\"\nfi\n";
		};
/* End PBXShellScriptBuildPhase section */

/* Begin PBXSourcesBuildPhase section */
		7E6B21C71A336D6F00F663E8 /* Sources */ = {
			isa = PBXSourcesBuildPhase;
			buildActionMask = 2147483647;
			files = (
				7E6B21E81A336DD500F663E8 /* ObjcReferendeCountGuard.mm in Sources */,
				7E6B21E71A336DD000F663E8 /* ObjcScopedGuard.mm in Sources */,
			);
			runOnlyForDeploymentPostprocessing = 0;
		};
		7E6B21D21A336D6F00F663E8 /* Sources */ = {
			isa = PBXSourcesBuildPhase;
			buildActionMask = 2147483647;
			files = (
				7E6B21DE1A336D6F00F663E8 /* ObjcScopedGuard_DynamicFrameworkTests.m in Sources */,
			);
			runOnlyForDeploymentPostprocessing = 0;
		};
		7E8B6C4415388BD500435EDA /* Sources */ = {
			isa = PBXSourcesBuildPhase;
			buildActionMask = 2147483647;
			files = (
				7E8B6C5215388BD500435EDA /* ObjcScopedGuard.mm in Sources */,
				7E8B6C921538959B00435EDA /* ObjcReferendeCountGuard.mm in Sources */,
			);
			runOnlyForDeploymentPostprocessing = 0;
		};
		7E8B6C5315388BD500435EDA /* Sources */ = {
			isa = PBXSourcesBuildPhase;
			buildActionMask = 2147483647;
			files = (
				7E8B6C6915388BD500435EDA /* ObjcScopedGuardTests.mm in Sources */,
			);
			runOnlyForDeploymentPostprocessing = 0;
		};
		7EB6DC101922BF760010E481 /* Sources */ = {
			isa = PBXSourcesBuildPhase;
			buildActionMask = 2147483647;
			files = (
				7EB6DC271922BFE10010E481 /* ObjcReferendeCountGuard.mm in Sources */,
				7EB6DC261922BFE10010E481 /* ObjcScopedGuard.mm in Sources */,
			);
			runOnlyForDeploymentPostprocessing = 0;
		};
/* End PBXSourcesBuildPhase section */

/* Begin PBXTargetDependency section */
		7E6B21D91A336D6F00F663E8 /* PBXTargetDependency */ = {
			isa = PBXTargetDependency;
			target = 7E6B21CB1A336D6F00F663E8 /* ObjcScopedGuard-DynamicFramework */;
			targetProxy = 7E6B21D81A336D6F00F663E8 /* PBXContainerItemProxy */;
		};
		7E8B6C5F15388BD500435EDA /* PBXTargetDependency */ = {
			isa = PBXTargetDependency;
			target = 7E8B6C4715388BD500435EDA /* ObjcScopedGuard */;
			targetProxy = 7E8B6C5E15388BD500435EDA /* PBXContainerItemProxy */;
		};
/* End PBXTargetDependency section */

/* Begin PBXVariantGroup section */
		7E8B6C6415388BD500435EDA /* InfoPlist.strings */ = {
			isa = PBXVariantGroup;
			children = (
				7E8B6C6515388BD500435EDA /* en */,
			);
			name = InfoPlist.strings;
			sourceTree = "<group>";
		};
		7EB6DC1B1922BF760010E481 /* InfoPlist.strings */ = {
			isa = PBXVariantGroup;
			children = (
				7EB6DC1C1922BF760010E481 /* en */,
			);
			name = InfoPlist.strings;
			sourceTree = "<group>";
		};
/* End PBXVariantGroup section */

/* Begin XCBuildConfiguration section */
		7E6B21E01A336D6F00F663E8 /* Debug */ = {
			isa = XCBuildConfiguration;
			buildSettings = {
				CLANG_CXX_LANGUAGE_STANDARD = "gnu++0x";
				CLANG_CXX_LIBRARY = "libc++";
				CLANG_ENABLE_MODULES = YES;
				CLANG_WARN_BOOL_CONVERSION = YES;
				CLANG_WARN_CONSTANT_CONVERSION = YES;
				CLANG_WARN_DIRECT_OBJC_ISA_USAGE = YES_ERROR;
				CLANG_WARN_EMPTY_BODY = YES;
				CLANG_WARN_ENUM_CONVERSION = YES;
				CLANG_WARN_INT_CONVERSION = YES;
				CLANG_WARN_OBJC_ROOT_CLASS = YES_ERROR;
				CLANG_WARN_UNREACHABLE_CODE = YES;
				CLANG_WARN__DUPLICATE_METHOD_MATCH = YES;
				"CODE_SIGN_IDENTITY[sdk=iphoneos*]" = "iPhone Developer";
				CURRENT_PROJECT_VERSION = 1;
				DEFINES_MODULE = YES;
				DYLIB_COMPATIBILITY_VERSION = 1;
				DYLIB_CURRENT_VERSION = 1;
				DYLIB_INSTALL_NAME_BASE = "@rpath";
				ENABLE_STRICT_OBJC_MSGSEND = YES;
				GCC_C_LANGUAGE_STANDARD = gnu99;
				GCC_PRECOMPILE_PREFIX_HEADER = YES;
				GCC_PREFIX_HEADER = "ObjcScopedGuard/ObjcScopedGuard-Prefix.pch";
				GCC_PREPROCESSOR_DEFINITIONS = (
					"DEBUG=1",
					"$(inherited)",
				);
				GCC_WARN_64_TO_32_BIT_CONVERSION = YES;
				GCC_WARN_ABOUT_RETURN_TYPE = YES_ERROR;
				GCC_WARN_UNDECLARED_SELECTOR = YES;
				GCC_WARN_UNINITIALIZED_AUTOS = YES_AGGRESSIVE;
				GCC_WARN_UNUSED_FUNCTION = YES;
				INFOPLIST_FILE = "ObjcScopedGuard-DynamicFramework/Info.plist";
				INSTALL_PATH = "$(LOCAL_LIBRARY_DIR)/Frameworks";
				IPHONEOS_DEPLOYMENT_TARGET = 8.1;
				LD_RUNPATH_SEARCH_PATHS = "$(inherited) @executable_path/Frameworks @loader_path/Frameworks";
				MTL_ENABLE_DEBUG_INFO = YES;
				ONLY_ACTIVE_ARCH = YES;
				PRODUCT_NAME = ObjcScopedGuard;
				SKIP_INSTALL = YES;
				TARGETED_DEVICE_FAMILY = "1,2";
				VERSIONING_SYSTEM = "apple-generic";
				VERSION_INFO_PREFIX = "";
			};
			name = Debug;
		};
		7E6B21E11A336D6F00F663E8 /* Coverage */ = {
			isa = XCBuildConfiguration;
			buildSettings = {
				CLANG_CXX_LANGUAGE_STANDARD = "gnu++0x";
				CLANG_CXX_LIBRARY = "libc++";
				CLANG_ENABLE_MODULES = YES;
				CLANG_WARN_BOOL_CONVERSION = YES;
				CLANG_WARN_CONSTANT_CONVERSION = YES;
				CLANG_WARN_DIRECT_OBJC_ISA_USAGE = YES_ERROR;
				CLANG_WARN_EMPTY_BODY = YES;
				CLANG_WARN_ENUM_CONVERSION = YES;
				CLANG_WARN_INT_CONVERSION = YES;
				CLANG_WARN_OBJC_ROOT_CLASS = YES_ERROR;
				CLANG_WARN_UNREACHABLE_CODE = YES;
				CLANG_WARN__DUPLICATE_METHOD_MATCH = YES;
				"CODE_SIGN_IDENTITY[sdk=iphoneos*]" = "iPhone Developer";
				CURRENT_PROJECT_VERSION = 1;
				DEFINES_MODULE = YES;
				DYLIB_COMPATIBILITY_VERSION = 1;
				DYLIB_CURRENT_VERSION = 1;
				DYLIB_INSTALL_NAME_BASE = "@rpath";
				ENABLE_NS_ASSERTIONS = NO;
				ENABLE_STRICT_OBJC_MSGSEND = YES;
				GCC_C_LANGUAGE_STANDARD = gnu99;
				GCC_PRECOMPILE_PREFIX_HEADER = YES;
				GCC_PREFIX_HEADER = "ObjcScopedGuard/ObjcScopedGuard-Prefix.pch";
				GCC_WARN_64_TO_32_BIT_CONVERSION = YES;
				GCC_WARN_ABOUT_RETURN_TYPE = YES_ERROR;
				GCC_WARN_UNDECLARED_SELECTOR = YES;
				GCC_WARN_UNINITIALIZED_AUTOS = YES_AGGRESSIVE;
				GCC_WARN_UNUSED_FUNCTION = YES;
				INFOPLIST_FILE = "ObjcScopedGuard-DynamicFramework/Info.plist";
				INSTALL_PATH = "$(LOCAL_LIBRARY_DIR)/Frameworks";
				IPHONEOS_DEPLOYMENT_TARGET = 8.1;
				LD_RUNPATH_SEARCH_PATHS = "$(inherited) @executable_path/Frameworks @loader_path/Frameworks";
				MTL_ENABLE_DEBUG_INFO = NO;
				PRODUCT_NAME = ObjcScopedGuard;
				SKIP_INSTALL = YES;
				TARGETED_DEVICE_FAMILY = "1,2";
				VERSIONING_SYSTEM = "apple-generic";
				VERSION_INFO_PREFIX = "";
			};
			name = Coverage;
		};
		7E6B21E21A336D6F00F663E8 /* Release */ = {
			isa = XCBuildConfiguration;
			buildSettings = {
				CLANG_CXX_LANGUAGE_STANDARD = "gnu++0x";
				CLANG_CXX_LIBRARY = "libc++";
				CLANG_ENABLE_MODULES = YES;
				CLANG_WARN_BOOL_CONVERSION = YES;
				CLANG_WARN_CONSTANT_CONVERSION = YES;
				CLANG_WARN_DIRECT_OBJC_ISA_USAGE = YES_ERROR;
				CLANG_WARN_EMPTY_BODY = YES;
				CLANG_WARN_ENUM_CONVERSION = YES;
				CLANG_WARN_INT_CONVERSION = YES;
				CLANG_WARN_OBJC_ROOT_CLASS = YES_ERROR;
				CLANG_WARN_UNREACHABLE_CODE = YES;
				CLANG_WARN__DUPLICATE_METHOD_MATCH = YES;
				"CODE_SIGN_IDENTITY[sdk=iphoneos*]" = "iPhone Developer";
				CURRENT_PROJECT_VERSION = 1;
				DEFINES_MODULE = YES;
				DYLIB_COMPATIBILITY_VERSION = 1;
				DYLIB_CURRENT_VERSION = 1;
				DYLIB_INSTALL_NAME_BASE = "@rpath";
				ENABLE_NS_ASSERTIONS = NO;
				ENABLE_STRICT_OBJC_MSGSEND = YES;
				GCC_C_LANGUAGE_STANDARD = gnu99;
				GCC_PRECOMPILE_PREFIX_HEADER = YES;
				GCC_PREFIX_HEADER = "ObjcScopedGuard/ObjcScopedGuard-Prefix.pch";
				GCC_WARN_64_TO_32_BIT_CONVERSION = YES;
				GCC_WARN_ABOUT_RETURN_TYPE = YES_ERROR;
				GCC_WARN_UNDECLARED_SELECTOR = YES;
				GCC_WARN_UNINITIALIZED_AUTOS = YES_AGGRESSIVE;
				GCC_WARN_UNUSED_FUNCTION = YES;
				INFOPLIST_FILE = "ObjcScopedGuard-DynamicFramework/Info.plist";
				INSTALL_PATH = "$(LOCAL_LIBRARY_DIR)/Frameworks";
				IPHONEOS_DEPLOYMENT_TARGET = 8.1;
				LD_RUNPATH_SEARCH_PATHS = "$(inherited) @executable_path/Frameworks @loader_path/Frameworks";
				MTL_ENABLE_DEBUG_INFO = NO;
				PRODUCT_NAME = ObjcScopedGuard;
				SKIP_INSTALL = YES;
				TARGETED_DEVICE_FAMILY = "1,2";
				VERSIONING_SYSTEM = "apple-generic";
				VERSION_INFO_PREFIX = "";
			};
			name = Release;
		};
		7E6B21E41A336D6F00F663E8 /* Debug */ = {
			isa = XCBuildConfiguration;
			buildSettings = {
				CLANG_CXX_LANGUAGE_STANDARD = "gnu++0x";
				CLANG_CXX_LIBRARY = "libc++";
				CLANG_ENABLE_MODULES = YES;
				CLANG_WARN_BOOL_CONVERSION = YES;
				CLANG_WARN_CONSTANT_CONVERSION = YES;
				CLANG_WARN_DIRECT_OBJC_ISA_USAGE = YES_ERROR;
				CLANG_WARN_EMPTY_BODY = YES;
				CLANG_WARN_ENUM_CONVERSION = YES;
				CLANG_WARN_INT_CONVERSION = YES;
				CLANG_WARN_OBJC_ROOT_CLASS = YES_ERROR;
				CLANG_WARN_UNREACHABLE_CODE = YES;
				CLANG_WARN__DUPLICATE_METHOD_MATCH = YES;
				ENABLE_STRICT_OBJC_MSGSEND = YES;
				FRAMEWORK_SEARCH_PATHS = (
					"$(SDKROOT)/Developer/Library/Frameworks",
					"$(inherited)",
				);
				GCC_C_LANGUAGE_STANDARD = gnu99;
				GCC_PREPROCESSOR_DEFINITIONS = (
					"DEBUG=1",
					"$(inherited)",
				);
				GCC_WARN_64_TO_32_BIT_CONVERSION = YES;
				GCC_WARN_ABOUT_RETURN_TYPE = YES_ERROR;
				GCC_WARN_UNDECLARED_SELECTOR = YES;
				GCC_WARN_UNINITIALIZED_AUTOS = YES_AGGRESSIVE;
				GCC_WARN_UNUSED_FUNCTION = YES;
				INFOPLIST_FILE = "ObjcScopedGuard-DynamicFrameworkTests/Info.plist";
				IPHONEOS_DEPLOYMENT_TARGET = 8.1;
				LD_RUNPATH_SEARCH_PATHS = "$(inherited) @executable_path/Frameworks @loader_path/Frameworks";
				MTL_ENABLE_DEBUG_INFO = YES;
				ONLY_ACTIVE_ARCH = YES;
				PRODUCT_NAME = "$(TARGET_NAME)";
			};
			name = Debug;
		};
		7E6B21E51A336D6F00F663E8 /* Coverage */ = {
			isa = XCBuildConfiguration;
			buildSettings = {
				CLANG_CXX_LANGUAGE_STANDARD = "gnu++0x";
				CLANG_CXX_LIBRARY = "libc++";
				CLANG_ENABLE_MODULES = YES;
				CLANG_WARN_BOOL_CONVERSION = YES;
				CLANG_WARN_CONSTANT_CONVERSION = YES;
				CLANG_WARN_DIRECT_OBJC_ISA_USAGE = YES_ERROR;
				CLANG_WARN_EMPTY_BODY = YES;
				CLANG_WARN_ENUM_CONVERSION = YES;
				CLANG_WARN_INT_CONVERSION = YES;
				CLANG_WARN_OBJC_ROOT_CLASS = YES_ERROR;
				CLANG_WARN_UNREACHABLE_CODE = YES;
				CLANG_WARN__DUPLICATE_METHOD_MATCH = YES;
				ENABLE_NS_ASSERTIONS = NO;
				ENABLE_STRICT_OBJC_MSGSEND = YES;
				FRAMEWORK_SEARCH_PATHS = (
					"$(SDKROOT)/Developer/Library/Frameworks",
					"$(inherited)",
				);
				GCC_C_LANGUAGE_STANDARD = gnu99;
				GCC_WARN_64_TO_32_BIT_CONVERSION = YES;
				GCC_WARN_ABOUT_RETURN_TYPE = YES_ERROR;
				GCC_WARN_UNDECLARED_SELECTOR = YES;
				GCC_WARN_UNINITIALIZED_AUTOS = YES_AGGRESSIVE;
				GCC_WARN_UNUSED_FUNCTION = YES;
				INFOPLIST_FILE = "ObjcScopedGuard-DynamicFrameworkTests/Info.plist";
				IPHONEOS_DEPLOYMENT_TARGET = 8.1;
				LD_RUNPATH_SEARCH_PATHS = "$(inherited) @executable_path/Frameworks @loader_path/Frameworks";
				MTL_ENABLE_DEBUG_INFO = NO;
				PRODUCT_NAME = "$(TARGET_NAME)";
			};
			name = Coverage;
		};
		7E6B21E61A336D6F00F663E8 /* Release */ = {
			isa = XCBuildConfiguration;
			buildSettings = {
				CLANG_CXX_LANGUAGE_STANDARD = "gnu++0x";
				CLANG_CXX_LIBRARY = "libc++";
				CLANG_ENABLE_MODULES = YES;
				CLANG_WARN_BOOL_CONVERSION = YES;
				CLANG_WARN_CONSTANT_CONVERSION = YES;
				CLANG_WARN_DIRECT_OBJC_ISA_USAGE = YES_ERROR;
				CLANG_WARN_EMPTY_BODY = YES;
				CLANG_WARN_ENUM_CONVERSION = YES;
				CLANG_WARN_INT_CONVERSION = YES;
				CLANG_WARN_OBJC_ROOT_CLASS = YES_ERROR;
				CLANG_WARN_UNREACHABLE_CODE = YES;
				CLANG_WARN__DUPLICATE_METHOD_MATCH = YES;
				ENABLE_NS_ASSERTIONS = NO;
				ENABLE_STRICT_OBJC_MSGSEND = YES;
				FRAMEWORK_SEARCH_PATHS = (
					"$(SDKROOT)/Developer/Library/Frameworks",
					"$(inherited)",
				);
				GCC_C_LANGUAGE_STANDARD = gnu99;
				GCC_WARN_64_TO_32_BIT_CONVERSION = YES;
				GCC_WARN_ABOUT_RETURN_TYPE = YES_ERROR;
				GCC_WARN_UNDECLARED_SELECTOR = YES;
				GCC_WARN_UNINITIALIZED_AUTOS = YES_AGGRESSIVE;
				GCC_WARN_UNUSED_FUNCTION = YES;
				INFOPLIST_FILE = "ObjcScopedGuard-DynamicFrameworkTests/Info.plist";
				IPHONEOS_DEPLOYMENT_TARGET = 8.1;
				LD_RUNPATH_SEARCH_PATHS = "$(inherited) @executable_path/Frameworks @loader_path/Frameworks";
				MTL_ENABLE_DEBUG_INFO = NO;
				PRODUCT_NAME = "$(TARGET_NAME)";
			};
			name = Release;
		};
		7E8B6C6A15388BD500435EDA /* Debug */ = {
			isa = XCBuildConfiguration;
			buildSettings = {
				ALWAYS_SEARCH_USER_PATHS = NO;
				ARCHS = "$(ARCHS_STANDARD_INCLUDING_64_BIT)";
				CLANG_CXX_LANGUAGE_STANDARD = "c++0x";
				CLANG_ENABLE_OBJC_ARC = YES;
				COPY_PHASE_STRIP = NO;
				GCC_DYNAMIC_NO_PIC = NO;
				GCC_OPTIMIZATION_LEVEL = 0;
				GCC_PREPROCESSOR_DEFINITIONS = (
					"DEBUG=1",
					"$(inherited)",
				);
				GCC_SYMBOLS_PRIVATE_EXTERN = NO;
				GCC_WARN_ABOUT_RETURN_TYPE = YES;
				GCC_WARN_UNINITIALIZED_AUTOS = YES;
				GCC_WARN_UNUSED_VARIABLE = YES;
				HEADER_SEARCH_PATHS = .;
				IPHONEOS_DEPLOYMENT_TARGET = 7.0;
				SDKROOT = iphoneos;
			};
			name = Debug;
		};
		7E8B6C6B15388BD500435EDA /* Release */ = {
			isa = XCBuildConfiguration;
			buildSettings = {
				ALWAYS_SEARCH_USER_PATHS = NO;
				ARCHS = "$(ARCHS_STANDARD_INCLUDING_64_BIT)";
				CLANG_CXX_LANGUAGE_STANDARD = "c++0x";
				CLANG_ENABLE_OBJC_ARC = YES;
				COPY_PHASE_STRIP = YES;
				GCC_WARN_ABOUT_RETURN_TYPE = YES;
				GCC_WARN_UNINITIALIZED_AUTOS = YES;
				GCC_WARN_UNUSED_VARIABLE = YES;
				HEADER_SEARCH_PATHS = .;
				IPHONEOS_DEPLOYMENT_TARGET = 7.0;
				SDKROOT = iphoneos;
				VALIDATE_PRODUCT = YES;
			};
			name = Release;
		};
		7E8B6C6D15388BD500435EDA /* Debug */ = {
			isa = XCBuildConfiguration;
			buildSettings = {
				DSTROOT = /tmp/ObjcScopedGuard.dst;
				GCC_PRECOMPILE_PREFIX_HEADER = YES;
				GCC_PREFIX_HEADER = "ObjcScopedGuard/ObjcScopedGuard-Prefix.pch";
				OTHER_LDFLAGS = "-ObjC";
				PRODUCT_NAME = "$(TARGET_NAME)";
				SKIP_INSTALL = YES;
			};
			name = Debug;
		};
		7E8B6C6E15388BD500435EDA /* Release */ = {
			isa = XCBuildConfiguration;
			buildSettings = {
				DSTROOT = /tmp/ObjcScopedGuard.dst;
				GCC_PRECOMPILE_PREFIX_HEADER = YES;
				GCC_PREFIX_HEADER = "ObjcScopedGuard/ObjcScopedGuard-Prefix.pch";
				OTHER_LDFLAGS = "-ObjC";
				PRODUCT_NAME = "$(TARGET_NAME)";
				SKIP_INSTALL = YES;
			};
			name = Release;
		};
		7E8B6C7015388BD500435EDA /* Debug */ = {
			isa = XCBuildConfiguration;
			buildSettings = {
				BUNDLE_LOADER = "$(BUILT_PRODUCTS_DIR)/ObjcScopedGuard-Framework.framework/Versions/A/ObjcScopedGuard-Framework";
				FRAMEWORK_SEARCH_PATHS = (
					"$(SDKROOT)/Developer/Library/Frameworks",
					"$(inherited)",
					"$(DEVELOPER_FRAMEWORKS_DIR)",
				);
				GCC_PRECOMPILE_PREFIX_HEADER = YES;
				GCC_PREFIX_HEADER = "ObjcScopedGuard/ObjcScopedGuard-Prefix.pch";
				INFOPLIST_FILE = "ObjcScopedGuardTests/ObjcScopedGuardTests-Info.plist";
				LIBRARY_SEARCH_PATHS = (
					"$(inherited)",
					"/Volumes/untitled/projects/lib-third-party/ObjcScopedGuard/ObjcScopedGuard",
				);
				PRODUCT_NAME = "$(TARGET_NAME)";
				TEST_HOST = "$(BUNDLE_LOADER)";
			};
			name = Debug;
		};
		7E8B6C7115388BD500435EDA /* Release */ = {
			isa = XCBuildConfiguration;
			buildSettings = {
				BUNDLE_LOADER = "$(BUILT_PRODUCTS_DIR)/ObjcScopedGuard-Framework.framework/Versions/A/ObjcScopedGuard-Framework";
				FRAMEWORK_SEARCH_PATHS = (
					"$(SDKROOT)/Developer/Library/Frameworks",
					"$(inherited)",
					"$(DEVELOPER_FRAMEWORKS_DIR)",
				);
				GCC_PRECOMPILE_PREFIX_HEADER = YES;
				GCC_PREFIX_HEADER = "ObjcScopedGuard/ObjcScopedGuard-Prefix.pch";
				INFOPLIST_FILE = "ObjcScopedGuardTests/ObjcScopedGuardTests-Info.plist";
				LIBRARY_SEARCH_PATHS = (
					"$(inherited)",
					"/Volumes/untitled/projects/lib-third-party/ObjcScopedGuard/ObjcScopedGuard",
				);
				PRODUCT_NAME = "$(TARGET_NAME)";
				TEST_HOST = "$(BUNDLE_LOADER)";
			};
			name = Release;
		};
		7E8B6C7215388DFE00435EDA /* Coverage */ = {
			isa = XCBuildConfiguration;
			buildSettings = {
				ALWAYS_SEARCH_USER_PATHS = NO;
				ARCHS = "$(ARCHS_STANDARD_INCLUDING_64_BIT)";
				CLANG_CXX_LANGUAGE_STANDARD = "c++0x";
				CLANG_ENABLE_OBJC_ARC = YES;
				COPY_PHASE_STRIP = NO;
				GCC_DYNAMIC_NO_PIC = NO;
				GCC_GENERATE_TEST_COVERAGE_FILES = YES;
				GCC_INSTRUMENT_PROGRAM_FLOW_ARCS = YES;
				GCC_OPTIMIZATION_LEVEL = 0;
				GCC_PREPROCESSOR_DEFINITIONS = (
					"DEBUG=1",
					"$(inherited)",
				);
				GCC_SYMBOLS_PRIVATE_EXTERN = NO;
				GCC_WARN_ABOUT_RETURN_TYPE = YES;
				GCC_WARN_UNINITIALIZED_AUTOS = YES;
				GCC_WARN_UNUSED_VARIABLE = YES;
				HEADER_SEARCH_PATHS = .;
				IPHONEOS_DEPLOYMENT_TARGET = 7.0;
				OTHER_LDFLAGS = (
					"-lCoverageFopenFix",
					"-L.",
				);
				SDKROOT = iphoneos;
			};
			name = Coverage;
		};
		7E8B6C7315388DFE00435EDA /* Coverage */ = {
			isa = XCBuildConfiguration;
			buildSettings = {
				DSTROOT = /tmp/ObjcScopedGuard.dst;
				GCC_PRECOMPILE_PREFIX_HEADER = YES;
				GCC_PREFIX_HEADER = "ObjcScopedGuard/ObjcScopedGuard-Prefix.pch";
				OTHER_LDFLAGS = "-ObjC";
				PRODUCT_NAME = "$(TARGET_NAME)";
				SKIP_INSTALL = YES;
			};
			name = Coverage;
		};
		7E8B6C7415388DFE00435EDA /* Coverage */ = {
			isa = XCBuildConfiguration;
			buildSettings = {
				BUNDLE_LOADER = "$(BUILT_PRODUCTS_DIR)/ObjcScopedGuard-Framework.framework/Versions/A/ObjcScopedGuard-Framework";
				FRAMEWORK_SEARCH_PATHS = (
					"$(SDKROOT)/Developer/Library/Frameworks",
					"$(inherited)",
					"$(DEVELOPER_FRAMEWORKS_DIR)",
				);
				GCC_PRECOMPILE_PREFIX_HEADER = YES;
				GCC_PREFIX_HEADER = "ObjcScopedGuard/ObjcScopedGuard-Prefix.pch";
				INFOPLIST_FILE = "ObjcScopedGuardTests/ObjcScopedGuardTests-Info.plist";
				LIBRARY_SEARCH_PATHS = (
					"$(inherited)",
					"/Volumes/untitled/projects/lib-third-party/ObjcScopedGuard/ObjcScopedGuard",
				);
				OTHER_LDFLAGS = (
					"-lXCode5gcovPatch",
					"-L.",
				);
				PRODUCT_NAME = "$(TARGET_NAME)";
				TEST_HOST = "$(BUNDLE_LOADER)";
			};
			name = Coverage;
		};
		7EB6DC221922BF760010E481 /* Debug */ = {
			isa = XCBuildConfiguration;
			buildSettings = {
				CLANG_ENABLE_MODULES = YES;
				CLANG_WARN_BOOL_CONVERSION = YES;
				CLANG_WARN_CONSTANT_CONVERSION = YES;
				CLANG_WARN_DIRECT_OBJC_ISA_USAGE = YES_ERROR;
				CLANG_WARN_EMPTY_BODY = YES;
				CLANG_WARN_ENUM_CONVERSION = YES;
				CLANG_WARN_INT_CONVERSION = YES;
				CLANG_WARN_OBJC_ROOT_CLASS = YES_ERROR;
				CLANG_WARN__DUPLICATE_METHOD_MATCH = YES;
				DYLIB_COMPATIBILITY_VERSION = 1;
				DYLIB_CURRENT_VERSION = 1;
				FRAMEWORK_VERSION = A;
				GCC_C_LANGUAGE_STANDARD = gnu99;
				GCC_PRECOMPILE_PREFIX_HEADER = YES;
				GCC_PREFIX_HEADER = "ObjcScopedGuard/ObjcScopedGuard-Prefix.pch";
				GCC_PREPROCESSOR_DEFINITIONS = (
					"DEBUG=1",
					"$(inherited)",
				);
				GCC_WARN_64_TO_32_BIT_CONVERSION = YES;
				GCC_WARN_ABOUT_RETURN_TYPE = YES_ERROR;
				GCC_WARN_UNDECLARED_SELECTOR = YES;
				GCC_WARN_UNINITIALIZED_AUTOS = YES_AGGRESSIVE;
				GCC_WARN_UNUSED_FUNCTION = YES;
				INFOPLIST_FILE = "ObjcScopedGuard-Framework/ObjcScopedGuard-Framework-Info.plist";
				IPHONEOS_DEPLOYMENT_TARGET = 7.1;
				PRODUCT_NAME = ObjcScopedGuard;
				SKIP_INSTALL = YES;
				WRAPPER_EXTENSION = framework;
			};
			name = Debug;
		};
		7EB6DC231922BF760010E481 /* Coverage */ = {
			isa = XCBuildConfiguration;
			buildSettings = {
				CLANG_ENABLE_MODULES = YES;
				CLANG_WARN_BOOL_CONVERSION = YES;
				CLANG_WARN_CONSTANT_CONVERSION = YES;
				CLANG_WARN_DIRECT_OBJC_ISA_USAGE = YES_ERROR;
				CLANG_WARN_EMPTY_BODY = YES;
				CLANG_WARN_ENUM_CONVERSION = YES;
				CLANG_WARN_INT_CONVERSION = YES;
				CLANG_WARN_OBJC_ROOT_CLASS = YES_ERROR;
				CLANG_WARN__DUPLICATE_METHOD_MATCH = YES;
				DYLIB_COMPATIBILITY_VERSION = 1;
				DYLIB_CURRENT_VERSION = 1;
				ENABLE_NS_ASSERTIONS = NO;
				FRAMEWORK_VERSION = A;
				GCC_C_LANGUAGE_STANDARD = gnu99;
				GCC_PRECOMPILE_PREFIX_HEADER = YES;
				GCC_PREFIX_HEADER = "ObjcScopedGuard/ObjcScopedGuard-Prefix.pch";
				GCC_WARN_64_TO_32_BIT_CONVERSION = YES;
				GCC_WARN_ABOUT_RETURN_TYPE = YES_ERROR;
				GCC_WARN_UNDECLARED_SELECTOR = YES;
				GCC_WARN_UNINITIALIZED_AUTOS = YES_AGGRESSIVE;
				GCC_WARN_UNUSED_FUNCTION = YES;
				INFOPLIST_FILE = "ObjcScopedGuard-Framework/ObjcScopedGuard-Framework-Info.plist";
				IPHONEOS_DEPLOYMENT_TARGET = 7.1;
				PRODUCT_NAME = ObjcScopedGuard;
				SKIP_INSTALL = YES;
				WRAPPER_EXTENSION = framework;
			};
			name = Coverage;
		};
		7EB6DC241922BF760010E481 /* Release */ = {
			isa = XCBuildConfiguration;
			buildSettings = {
				CLANG_ENABLE_MODULES = YES;
				CLANG_WARN_BOOL_CONVERSION = YES;
				CLANG_WARN_CONSTANT_CONVERSION = YES;
				CLANG_WARN_DIRECT_OBJC_ISA_USAGE = YES_ERROR;
				CLANG_WARN_EMPTY_BODY = YES;
				CLANG_WARN_ENUM_CONVERSION = YES;
				CLANG_WARN_INT_CONVERSION = YES;
				CLANG_WARN_OBJC_ROOT_CLASS = YES_ERROR;
				CLANG_WARN__DUPLICATE_METHOD_MATCH = YES;
				DYLIB_COMPATIBILITY_VERSION = 1;
				DYLIB_CURRENT_VERSION = 1;
				ENABLE_NS_ASSERTIONS = NO;
				FRAMEWORK_VERSION = A;
				GCC_C_LANGUAGE_STANDARD = gnu99;
				GCC_PRECOMPILE_PREFIX_HEADER = YES;
				GCC_PREFIX_HEADER = "ObjcScopedGuard/ObjcScopedGuard-Prefix.pch";
				GCC_WARN_64_TO_32_BIT_CONVERSION = YES;
				GCC_WARN_ABOUT_RETURN_TYPE = YES_ERROR;
				GCC_WARN_UNDECLARED_SELECTOR = YES;
				GCC_WARN_UNINITIALIZED_AUTOS = YES_AGGRESSIVE;
				GCC_WARN_UNUSED_FUNCTION = YES;
				INFOPLIST_FILE = "ObjcScopedGuard-Framework/ObjcScopedGuard-Framework-Info.plist";
				IPHONEOS_DEPLOYMENT_TARGET = 7.1;
				PRODUCT_NAME = ObjcScopedGuard;
				SKIP_INSTALL = YES;
				WRAPPER_EXTENSION = framework;
			};
			name = Release;
		};
/* End XCBuildConfiguration section */

/* Begin XCConfigurationList section */
		7E6B21DF1A336D6F00F663E8 /* Build configuration list for PBXNativeTarget "ObjcScopedGuard-DynamicFramework" */ = {
			isa = XCConfigurationList;
			buildConfigurations = (
				7E6B21E01A336D6F00F663E8 /* Debug */,
				7E6B21E11A336D6F00F663E8 /* Coverage */,
				7E6B21E21A336D6F00F663E8 /* Release */,
			);
			defaultConfigurationIsVisible = 0;
		};
		7E6B21E31A336D6F00F663E8 /* Build configuration list for PBXNativeTarget "ObjcScopedGuard-DynamicFrameworkTests" */ = {
			isa = XCConfigurationList;
			buildConfigurations = (
				7E6B21E41A336D6F00F663E8 /* Debug */,
				7E6B21E51A336D6F00F663E8 /* Coverage */,
				7E6B21E61A336D6F00F663E8 /* Release */,
			);
			defaultConfigurationIsVisible = 0;
		};
		7E8B6C4215388BD500435EDA /* Build configuration list for PBXProject "ObjcScopedGuard" */ = {
			isa = XCConfigurationList;
			buildConfigurations = (
				7E8B6C6A15388BD500435EDA /* Debug */,
				7E8B6C7215388DFE00435EDA /* Coverage */,
				7E8B6C6B15388BD500435EDA /* Release */,
			);
			defaultConfigurationIsVisible = 0;
			defaultConfigurationName = Release;
		};
		7E8B6C6C15388BD500435EDA /* Build configuration list for PBXNativeTarget "ObjcScopedGuard" */ = {
			isa = XCConfigurationList;
			buildConfigurations = (
				7E8B6C6D15388BD500435EDA /* Debug */,
				7E8B6C7315388DFE00435EDA /* Coverage */,
				7E8B6C6E15388BD500435EDA /* Release */,
			);
			defaultConfigurationIsVisible = 0;
			defaultConfigurationName = Release;
		};
		7E8B6C6F15388BD500435EDA /* Build configuration list for PBXNativeTarget "ObjcScopedGuardTests" */ = {
			isa = XCConfigurationList;
			buildConfigurations = (
				7E8B6C7015388BD500435EDA /* Debug */,
				7E8B6C7415388DFE00435EDA /* Coverage */,
				7E8B6C7115388BD500435EDA /* Release */,
			);
			defaultConfigurationIsVisible = 0;
			defaultConfigurationName = Release;
		};
		7EB6DC251922BF760010E481 /* Build configuration list for PBXNativeTarget "ObjcScopedGuard-Framework" */ = {
			isa = XCConfigurationList;
			buildConfigurations = (
				7EB6DC221922BF760010E481 /* Debug */,
				7EB6DC231922BF760010E481 /* Coverage */,
				7EB6DC241922BF760010E481 /* Release */,
			);
			defaultConfigurationIsVisible = 0;
			defaultConfigurationName = Release;
		};
/* End XCConfigurationList section */
	};
	rootObject = 7E8B6C3F15388BD500435EDA /* Project object */;
}
